
Microsoft Visual Studio Solution File, Format Version 12.00
# Visual Studio Version 17
VisualStudioVersion = 17.13.35806.99 d17.13
MinimumVisualStudioVersion = 10.0.40219.1
Project("{FAE04EC0-301F-11D3-BF4B-00C04F79EFBC}") = "QLBay", "QLBay\QLBay.csproj", "{63DE4FD6-C376-41EB-B599-D9427435BD8B}"
EndProject
Global
	GlobalSection(SolutionConfigurationPlatforms) = preSolution
		Debug|Any CPU = Debug|Any CPU
		Release|Any CPU = Release|Any CPU
	EndGlobalSection
	GlobalSection(ProjectConfigurationPlatforms) = postSolution
		{63DE4FD6-C376-41EB-B599-D9427435BD8B}.Debug|Any CPU.ActiveCfg = Debug|Any CPU
		{63DE4FD6-C376-41EB-B599-D9427435BD8B}.Debug|Any CPU.Build.0 = Debug|Any CPU
		{63DE4FD6-C376-41EB-B599-D9427435BD8B}.Release|Any CPU.ActiveCfg = Release|Any CPU
		{63DE4FD6-C376-41EB-B599-D9427435BD8B}.Release|Any CPU.Build.0 = Release|Any CPU
	EndGlobalSection
	GlobalSection(SolutionProperties) = preSolution
		HideSolutionNode = FALSE
	EndGlobalSection
	GlobalSection(ExtensibilityGlobals) = postSolution
		SolutionGuid = {EC80C770-4054-41C1-A931-09FD9AA827F9}
	EndGlobalSection
EndGlobal
